
Microsoft Visual Studio Solution File, Format Version 12.00
# Visual Studio Version 17
VisualStudioVersion = 17.14.36616.10 d17.14
MinimumVisualStudioVersion = 10.0.40219.1
Project("{FAE04EC0-301F-11D3-BF4B-00C04F79EFBC}") = "ChoSeungRae_C#Mudgame", "ChoSeungRae_C#Mudgame\ChoSeungRae_C#Mudgame.csproj", "{D122ED6C-6612-4215-9923-76BCD0D5043E}"
EndProject
Global
	GlobalSection(SolutionConfigurationPlatforms) = preSolution
		Debug|Any CPU = Debug|Any CPU
		Release|Any CPU = Release|Any CPU
	EndGlobalSection
	GlobalSection(ProjectConfigurationPlatforms) = postSolution
		{D122ED6C-6612-4215-9923-76BCD0D5043E}.Debug|Any CPU.ActiveCfg = Debug|Any CPU
		{D122ED6C-6612-4215-9923-76BCD0D5043E}.Debug|Any CPU.Build.0 = Debug|Any CPU
		{D122ED6C-6612-4215-9923-76BCD0D5043E}.Release|Any CPU.ActiveCfg = Release|Any CPU
		{D122ED6C-6612-4215-9923-76BCD0D5043E}.Release|Any CPU.Build.0 = Release|Any CPU
	EndGlobalSection
	GlobalSection(SolutionProperties) = preSolution
		HideSolutionNode = FALSE
	EndGlobalSection
	GlobalSection(ExtensibilityGlobals) = postSolution
		SolutionGuid = {6F7CC9F8-AE58-444E-8D11-9F188EA4177F}
	EndGlobalSection
EndGlobal
